
Microsoft Visual Studio Solution File, Format Version 12.00
# Visual Studio Version 17
VisualStudioVersion = 17.6.33829.357
MinimumVisualStudioVersion = 10.0.40219.1
Project("{FAE04EC0-301F-11D3-BF4B-00C04F79EFBC}") = "DataAccess", "DataAccess\DataAccess.csproj", "{5274FECB-E44F-4F13-A3CE-292472A38872}"
EndProject
Project("{FAE04EC0-301F-11D3-BF4B-00C04F79EFBC}") = "RazorPages", "RazorPages\RazorPages.csproj", "{D1000714-CBA0-45CA-91F2-2090B246C52B}"
EndProject
Project("{FAE04EC0-301F-11D3-BF4B-00C04F79EFBC}") = "BussinessObject", "BussinessObject\BussinessObject.csproj", "{36A63CEE-1316-4B29-9FA1-1D9D6C77D419}"
EndProject
Global
	GlobalSection(SolutionConfigurationPlatforms) = preSolution
		Debug|Any CPU = Debug|Any CPU
		Release|Any CPU = Release|Any CPU
	EndGlobalSection
	GlobalSection(ProjectConfigurationPlatforms) = postSolution
		{5274FECB-E44F-4F13-A3CE-292472A38872}.Debug|Any CPU.ActiveCfg = Debug|Any CPU
		{5274FECB-E44F-4F13-A3CE-292472A38872}.Debug|Any CPU.Build.0 = Debug|Any CPU
		{5274FECB-E44F-4F13-A3CE-292472A38872}.Release|Any CPU.ActiveCfg = Release|Any CPU
		{5274FECB-E44F-4F13-A3CE-292472A38872}.Release|Any CPU.Build.0 = Release|Any CPU
		{D1000714-CBA0-45CA-91F2-2090B246C52B}.Debug|Any CPU.ActiveCfg = Debug|Any CPU
		{D1000714-CBA0-45CA-91F2-2090B246C52B}.Debug|Any CPU.Build.0 = Debug|Any CPU
		{D1000714-CBA0-45CA-91F2-2090B246C52B}.Release|Any CPU.ActiveCfg = Release|Any CPU
		{D1000714-CBA0-45CA-91F2-2090B246C52B}.Release|Any CPU.Build.0 = Release|Any CPU
		{36A63CEE-1316-4B29-9FA1-1D9D6C77D419}.Debug|Any CPU.ActiveCfg = Debug|Any CPU
		{36A63CEE-1316-4B29-9FA1-1D9D6C77D419}.Debug|Any CPU.Build.0 = Debug|Any CPU
		{36A63CEE-1316-4B29-9FA1-1D9D6C77D419}.Release|Any CPU.ActiveCfg = Release|Any CPU
		{36A63CEE-1316-4B29-9FA1-1D9D6C77D419}.Release|Any CPU.Build.0 = Release|Any CPU
	EndGlobalSection
	GlobalSection(SolutionProperties) = preSolution
		HideSolutionNode = FALSE
	EndGlobalSection
	GlobalSection(ExtensibilityGlobals) = postSolution
		SolutionGuid = {6F7842D8-62DB-45E3-B956-003E902E267F}
	EndGlobalSection
EndGlobal
